---
label: Resources list
hide_body: true
fields:
- name: resources
  type: field_group_list
  fields:
  - name: title
    type: text
    config:
      required: false
    label: Title
  - name: subtitle
    type: text
    config:
      required: false
    label: Subtitle
  - name: url
    type: text
    config:
      required: false
    label: URL
  config:
    min: 
    max: 
    labelField: 
  label: Resources
