---
label: Text block
hide_body: true
display_field: title
fields:
- name: title
  type: text
  config:
    required: false
  label: Title
  description: For content building purposes only. Visible by editor only.
- name: content
  type: textarea
  default: ''
  config:
    required: false
    wysiwyg: true
    schema:
      format: html-blocks
  label: Content
